PODS:
  - FBSnapshotTestCase (2.1.4):
    - FBSnapshotTestCase/SwiftSupport (= 2.1.4)
  - FBSnapshotTestCase/Core (2.1.4)
  - FBSnapshotTestCase/SwiftSupport (2.1.4):
    - FBSnapshotTestCase/Core
  - SFCrashInspector (0.1.1):
    - SFCrashInspector/SFCrashInspector (= 0.1.1)
  - SFCrashInspector/SFCrashInspector (0.1.1)

DEPENDENCIES:
  - FBSnapshotTestCase
  - SFCrashInspector (from `../`)

SPEC REPOS:
  trunk:
    - FBSnapshotTestCase

EXTERNAL SOURCES:
  SFCrashInspector:
    :path: "../"

SPEC CHECKSUMS:
  FBSnapshotTestCase: 094f9f314decbabe373b87cc339bea235a63e07a
  SFCrashInspector: ed8af2769bdda9e1c5bf12afab6d18a182adafce

PODFILE CHECKSUM: 30fa3186e325b1884d37d4b2119ba22b33055db2

COCOAPODS: 1.9.3
